
Microsoft Visual Studio Solution File, Format Version 12.00
# Visual Studio Version 17
VisualStudioVersion = 17.5.33502.453
MinimumVisualStudioVersion = 10.0.40219.1
Project("{FAE04EC0-301F-11D3-BF4B-00C04F79EFBC}") = "Poker1b", "Poker1b.csproj", "{ECFA537C-6DF1-4AAE-9E42-7F9BC0AB9768}"
EndProject
Global
	GlobalSection(SolutionConfigurationPlatforms) = preSolution
		Debug|Any CPU = Debug|Any CPU
		Release|Any CPU = Release|Any CPU
	EndGlobalSection
	GlobalSection(ProjectConfigurationPlatforms) = postSolution
		{ECFA537C-6DF1-4AAE-9E42-7F9BC0AB9768}.Debug|Any CPU.ActiveCfg = Debug|Any CPU
		{ECFA537C-6DF1-4AAE-9E42-7F9BC0AB9768}.Debug|Any CPU.Build.0 = Debug|Any CPU
		{ECFA537C-6DF1-4AAE-9E42-7F9BC0AB9768}.Release|Any CPU.ActiveCfg = Release|Any CPU
		{ECFA537C-6DF1-4AAE-9E42-7F9BC0AB9768}.Release|Any CPU.Build.0 = Release|Any CPU
	EndGlobalSection
	GlobalSection(SolutionProperties) = preSolution
		HideSolutionNode = FALSE
	EndGlobalSection
	GlobalSection(ExtensibilityGlobals) = postSolution
		SolutionGuid = {9E39CDC3-177C-4C57-BBF5-6E077D734055}
	EndGlobalSection
EndGlobal
